
Microsoft Visual Studio Solution File, Format Version 12.00
# Visual Studio Version 16
VisualStudioVersion = 16.0.29709.97
MinimumVisualStudioVersion = 10.0.40219.1
Project("{FAE04EC0-301F-11D3-BF4B-00C04F79EFBC}") = "WpfProject", "WpfProject\WpfProject.csproj", "{31AF608B-11B4-4481-8BC7-6B16433CE9EF}"
EndProject
Global
	GlobalSection(SolutionConfigurationPlatforms) = preSolution
		Debug|Any CPU = Debug|Any CPU
		Release|Any CPU = Release|Any CPU
	EndGlobalSection
	GlobalSection(ProjectConfigurationPlatforms) = postSolution
		{31AF608B-11B4-4481-8BC7-6B16433CE9EF}.Debug|Any CPU.ActiveCfg = Debug|Any CPU
		{31AF608B-11B4-4481-8BC7-6B16433CE9EF}.Debug|Any CPU.Build.0 = Debug|Any CPU
		{31AF608B-11B4-4481-8BC7-6B16433CE9EF}.Release|Any CPU.ActiveCfg = Release|Any CPU
		{31AF608B-11B4-4481-8BC7-6B16433CE9EF}.Release|Any CPU.Build.0 = Release|Any CPU
	EndGlobalSection
	GlobalSection(SolutionProperties) = preSolution
		HideSolutionNode = FALSE
	EndGlobalSection
	GlobalSection(ExtensibilityGlobals) = postSolution
		SolutionGuid = {B54A3512-97C8-4495-80F7-DE052A505EDC}
	EndGlobalSection
EndGlobal
